// !$*UTF8*$!
{
	archiveVersion = 1;
	classes = {
	};
	objectVersion = 56;
	objects = {

/* Begin PBXBuildFile section */
		017552252AB58F40002FAD6A /* Toolbar27.swift in Sources */ = {isa = PBXBuildFile; fileRef = 017552242AB58F40002FAD6A /* Toolbar27.swift */; };
		017756422A8559020020020E /* LearningSwiftAppApp.swift in Sources */ = {isa = PBXBuildFile; fileRef = 017756412A8559020020020E /* LearningSwiftAppApp.swift */; };
		017756442A8559020020020E /* ContentView.swift in Sources */ = {isa = PBXBuildFile; fileRef = 017756432A8559020020020E /* ContentView.swift */; };
		017756462A8559030020020E /* Assets.xcassets in Resources */ = {isa = PBXBuildFile; fileRef = 017756452A8559030020020E /* Assets.xcassets */; };
		017756542A8559030020020E /* LearningSwiftAppTests.swift in Sources */ = {isa = PBXBuildFile; fileRef = 017756532A8559030020020E /* LearningSwiftAppTests.swift */; };
		0177565E2A8559030020020E /* LearningSwiftAppUITests.swift in Sources */ = {isa = PBXBuildFile; fileRef = 0177565D2A8559030020020E /* LearningSwiftAppUITests.swift */; };
		017756602A8559030020020E /* LearningSwiftAppUITestsLaunchTests.swift in Sources */ = {isa = PBXBuildFile; fileRef = 0177565F2A8559030020020E /* LearningSwiftAppUITestsLaunchTests.swift */; };
		017756732A855E540020020E /* Text01.swift in Sources */ = {isa = PBXBuildFile; fileRef = 017756722A855E540020020E /* Text01.swift */; };
		017756752A86634F0020020E /* Shapes02.swift in Sources */ = {isa = PBXBuildFile; fileRef = 017756742A86634F0020020E /* Shapes02.swift */; };
		017756772A86687E0020020E /* Color03.swift in Sources */ = {isa = PBXBuildFile; fileRef = 017756762A86687E0020020E /* Color03.swift */; };
		017756792A8682180020020E /* Gradient04.swift in Sources */ = {isa = PBXBuildFile; fileRef = 017756782A8682180020020E /* Gradient04.swift */; };
		01A6738E2AB31C1100829E6B /* Toggle34.swift in Sources */ = {isa = PBXBuildFile; fileRef = 01A6738D2AB31C1100829E6B /* Toggle34.swift */; };
		01A673902AB32A2A00829E6B /* Picker35.swift in Sources */ = {isa = PBXBuildFile; fileRef = 01A6738F2AB32A2A00829E6B /* Picker35.swift */; };
		01B858D32AAF427D00DE93E1 /* Animations20.swift in Sources */ = {isa = PBXBuildFile; fileRef = 01B858D22AAF427D00DE93E1 /* Animations20.swift */; };
		01B858D52AB04A1900DE93E1 /* AnimationCurves21.swift in Sources */ = {isa = PBXBuildFile; fileRef = 01B858D42AB04A1900DE93E1 /* AnimationCurves21.swift */; };
		01B858D72AB04A2D00DE93E1 /* Transitions22.swift in Sources */ = {isa = PBXBuildFile; fileRef = 01B858D62AB04A2D00DE93E1 /* Transitions22.swift */; };
		01B858DB2AB06E0400DE93E1 /* Sheets23.swift in Sources */ = {isa = PBXBuildFile; fileRef = 01B858DA2AB06E0400DE93E1 /* Sheets23.swift */; };
		01B858DF2AB08D0400DE93E1 /* Popover24.swift in Sources */ = {isa = PBXBuildFile; fileRef = 01B858DE2AB08D0400DE93E1 /* Popover24.swift */; };
		01B858E12AB0A09E00DE93E1 /* NavigationView25.swift in Sources */ = {isa = PBXBuildFile; fileRef = 01B858E02AB0A09E00DE93E1 /* NavigationView25.swift */; };
		01B858E32AB1855000DE93E1 /* NavigationStack26.swift in Sources */ = {isa = PBXBuildFile; fileRef = 01B858E22AB1855000DE93E1 /* NavigationStack26.swift */; };
		01B858E52AB1AAE000DE93E1 /* Lists28.swift in Sources */ = {isa = PBXBuildFile; fileRef = 01B858E42AB1AAE000DE93E1 /* Lists28.swift */; };
		01B858E72AB1D3CA00DE93E1 /* Alerts29.swift in Sources */ = {isa = PBXBuildFile; fileRef = 01B858E62AB1D3CA00DE93E1 /* Alerts29.swift */; };
		01E464432AB30C6F00D3C0D3 /* TextEditor33.swift in Sources */ = {isa = PBXBuildFile; fileRef = 01E464422AB30C6F00D3C0D3 /* TextEditor33.swift */; };
		01E71EEE2A868A47009F46B4 /* Icons05.swift in Sources */ = {isa = PBXBuildFile; fileRef = 01E71EED2A868A47009F46B4 /* Icons05.swift */; };
		01E71EF02A86B5FC009F46B4 /* Image06.swift in Sources */ = {isa = PBXBuildFile; fileRef = 01E71EEF2A86B5FC009F46B4 /* Image06.swift */; };
		01E71EF22A86D61F009F46B4 /* Frames07.swift in Sources */ = {isa = PBXBuildFile; fileRef = 01E71EF12A86D61F009F46B4 /* Frames07.swift */; };
		01E71EF42A86DB14009F46B4 /* Backgrounds08.swift in Sources */ = {isa = PBXBuildFile; fileRef = 01E71EF32A86DB14009F46B4 /* Backgrounds08.swift */; };
		01E71EF62A86E6BF009F46B4 /* Stacks09.swift in Sources */ = {isa = PBXBuildFile; fileRef = 01E71EF52A86E6BF009F46B4 /* Stacks09.swift */; };
		01E71EF82A87E36F009F46B4 /* Padding11.swift in Sources */ = {isa = PBXBuildFile; fileRef = 01E71EF72A87E36F009F46B4 /* Padding11.swift */; };
		01E71EFA2A87E382009F46B4 /* Spacer12.swift in Sources */ = {isa = PBXBuildFile; fileRef = 01E71EF92A87E382009F46B4 /* Spacer12.swift */; };
		01E71EFC2A87E39C009F46B4 /* Constructor13.swift in Sources */ = {isa = PBXBuildFile; fileRef = 01E71EFB2A87E39C009F46B4 /* Constructor13.swift */; };
		01E71EFE2A87E3AD009F46B4 /* Loops14.swift in Sources */ = {isa = PBXBuildFile; fileRef = 01E71EFD2A87E3AD009F46B4 /* Loops14.swift */; };
		01E71F002A87E3BF009F46B4 /* ScrollView15.swift in Sources */ = {isa = PBXBuildFile; fileRef = 01E71EFF2A87E3BF009F46B4 /* ScrollView15.swift */; };
		01E71F022A890107009F46B4 /* Grid16.swift in Sources */ = {isa = PBXBuildFile; fileRef = 01E71F012A890107009F46B4 /* Grid16.swift */; };
		01E71F042A89011E009F46B4 /* SafeArea17.swift in Sources */ = {isa = PBXBuildFile; fileRef = 01E71F032A89011E009F46B4 /* SafeArea17.swift */; };
		01E71F062A890147009F46B4 /* Buttons18.swift in Sources */ = {isa = PBXBuildFile; fileRef = 01E71F052A890147009F46B4 /* Buttons18.swift */; };
		01E71F082A89015A009F46B4 /* FunctionsSubviews19.swift in Sources */ = {isa = PBXBuildFile; fileRef = 01E71F072A89015A009F46B4 /* FunctionsSubviews19.swift */; };
		01E71F0C2A8922AE009F46B4 /* AppWeather001.swift in Sources */ = {isa = PBXBuildFile; fileRef = 01E71F0B2A8922AE009F46B4 /* AppWeather001.swift */; };
		01F0F1692AB2D64B00485A68 /* ActionSheet30.swift in Sources */ = {isa = PBXBuildFile; fileRef = 01F0F1682AB2D64B00485A68 /* ActionSheet30.swift */; };
		01F0F16B2AB2DF7100485A68 /* ContextMenu31.swift in Sources */ = {isa = PBXBuildFile; fileRef = 01F0F16A2AB2DF7000485A68 /* ContextMenu31.swift */; };
		01F0F16D2AB2FAFB00485A68 /* TextField32.swift in Sources */ = {isa = PBXBuildFile; fileRef = 01F0F16C2AB2FAFB00485A68 /* TextField32.swift */; };
/* End PBXBuildFile section */

/* Begin PBXContainerItemProxy section */
		017756502A8559030020020E /* PBXContainerItemProxy */ = {
			isa = PBXContainerItemProxy;
			containerPortal = 017756362A8559020020020E /* Project object */;
			proxyType = 1;
			remoteGlobalIDString = 0177563D2A8559020020020E;
			remoteInfo = LearningSwiftApp;
		};
		0177565A2A8559030020020E /* PBXContainerItemProxy */ = {
			isa = PBXContainerItemProxy;
			containerPortal = 017756362A8559020020020E /* Project object */;
			proxyType = 1;
			remoteGlobalIDString = 0177563D2A8559020020020E;
			remoteInfo = LearningSwiftApp;
		};
/* End PBXContainerItemProxy section */

/* Begin PBXFileReference section */
		017552242AB58F40002FAD6A /* Toolbar27.swift */ = {isa = PBXFileReference; lastKnownFileType = sourcecode.swift; path = Toolbar27.swift; sourceTree = "<group>"; };
		0177563E2A8559020020020E /* LearningSwiftApp.app */ = {isa = PBXFileReference; explicitFileType = wrapper.application; includeInIndex = 0; path = LearningSwiftApp.app; sourceTree = BUILT_PRODUCTS_DIR; };
		017756412A8559020020020E /* LearningSwiftAppApp.swift */ = {isa = PBXFileReference; lastKnownFileType = sourcecode.swift; path = LearningSwiftAppApp.swift; sourceTree = "<group>"; };
		017756432A8559020020020E /* ContentView.swift */ = {isa = PBXFileReference; lastKnownFileType = sourcecode.swift; path = ContentView.swift; sourceTree = "<group>"; };
		017756452A8559030020020E /* Assets.xcassets */ = {isa = PBXFileReference; lastKnownFileType = folder.assetcatalog; path = Assets.xcassets; sourceTree = "<group>"; };
		017756472A8559030020020E /* LearningSwiftApp.entitlements */ = {isa = PBXFileReference; lastKnownFileType = text.plist.entitlements; path = LearningSwiftApp.entitlements; sourceTree = "<group>"; };
		0177564F2A8559030020020E /* LearningSwiftAppTests.xctest */ = {isa = PBXFileReference; explicitFileType = wrapper.cfbundle; includeInIndex = 0; path = LearningSwiftAppTests.xctest; sourceTree = BUILT_PRODUCTS_DIR; };
		017756532A8559030020020E /* LearningSwiftAppTests.swift */ = {isa = PBXFileReference; lastKnownFileType = sourcecode.swift; path = LearningSwiftAppTests.swift; sourceTree = "<group>"; };
		017756592A8559030020020E /* LearningSwiftAppUITests.xctest */ = {isa = PBXFileReference; explicitFileType = wrapper.cfbundle; includeInIndex = 0; path = LearningSwiftAppUITests.xctest; sourceTree = BUILT_PRODUCTS_DIR; };
		0177565D2A8559030020020E /* LearningSwiftAppUITests.swift */ = {isa = PBXFileReference; lastKnownFileType = sourcecode.swift; path = LearningSwiftAppUITests.swift; sourceTree = "<group>"; };
		0177565F2A8559030020020E /* LearningSwiftAppUITestsLaunchTests.swift */ = {isa = PBXFileReference; lastKnownFileType = sourcecode.swift; path = LearningSwiftAppUITestsLaunchTests.swift; sourceTree = "<group>"; };
		017756722A855E540020020E /* Text01.swift */ = {isa = PBXFileReference; lastKnownFileType = sourcecode.swift; path = Text01.swift; sourceTree = "<group>"; };
		017756742A86634F0020020E /* Shapes02.swift */ = {isa = PBXFileReference; lastKnownFileType = sourcecode.swift; path = Shapes02.swift; sourceTree = "<group>"; };
		017756762A86687E0020020E /* Color03.swift */ = {isa = PBXFileReference; lastKnownFileType = sourcecode.swift; path = Color03.swift; sourceTree = "<group>"; };
		017756782A8682180020020E /* Gradient04.swift */ = {isa = PBXFileReference; lastKnownFileType = sourcecode.swift; path = Gradient04.swift; sourceTree = "<group>"; };
		01A6738D2AB31C1100829E6B /* Toggle34.swift */ = {isa = PBXFileReference; lastKnownFileType = sourcecode.swift; path = Toggle34.swift; sourceTree = "<group>"; };
		01A6738F2AB32A2A00829E6B /* Picker35.swift */ = {isa = PBXFileReference; lastKnownFileType = sourcecode.swift; path = Picker35.swift; sourceTree = "<group>"; };
		01B858D22AAF427D00DE93E1 /* Animations20.swift */ = {isa = PBXFileReference; lastKnownFileType = sourcecode.swift; path = Animations20.swift; sourceTree = "<group>"; };
		01B858D42AB04A1900DE93E1 /* AnimationCurves21.swift */ = {isa = PBXFileReference; lastKnownFileType = sourcecode.swift; path = AnimationCurves21.swift; sourceTree = "<group>"; };
		01B858D62AB04A2D00DE93E1 /* Transitions22.swift */ = {isa = PBXFileReference; lastKnownFileType = sourcecode.swift; path = Transitions22.swift; sourceTree = "<group>"; };
		01B858DA2AB06E0400DE93E1 /* Sheets23.swift */ = {isa = PBXFileReference; lastKnownFileType = sourcecode.swift; path = Sheets23.swift; sourceTree = "<group>"; };
		01B858DE2AB08D0400DE93E1 /* Popover24.swift */ = {isa = PBXFileReference; lastKnownFileType = sourcecode.swift; path = Popover24.swift; sourceTree = "<group>"; };
		01B858E02AB0A09E00DE93E1 /* NavigationView25.swift */ = {isa = PBXFileReference; lastKnownFileType = sourcecode.swift; path = NavigationView25.swift; sourceTree = "<group>"; };
		01B858E22AB1855000DE93E1 /* NavigationStack26.swift */ = {isa = PBXFileReference; lastKnownFileType = sourcecode.swift; path = NavigationStack26.swift; sourceTree = "<group>"; };
		01B858E42AB1AAE000DE93E1 /* Lists28.swift */ = {isa = PBXFileReference; lastKnownFileType = sourcecode.swift; path = Lists28.swift; sourceTree = "<group>"; };
		01B858E62AB1D3CA00DE93E1 /* Alerts29.swift */ = {isa = PBXFileReference; lastKnownFileType = sourcecode.swift; path = Alerts29.swift; sourceTree = "<group>"; };
		01E464422AB30C6F00D3C0D3 /* TextEditor33.swift */ = {isa = PBXFileReference; lastKnownFileType = sourcecode.swift; path = TextEditor33.swift; sourceTree = "<group>"; };
		01E71EED2A868A47009F46B4 /* Icons05.swift */ = {isa = PBXFileReference; lastKnownFileType = sourcecode.swift; path = Icons05.swift; sourceTree = "<group>"; };
		01E71EEF2A86B5FC009F46B4 /* Image06.swift */ = {isa = PBXFileReference; lastKnownFileType = sourcecode.swift; path = Image06.swift; sourceTree = "<group>"; };
		01E71EF12A86D61F009F46B4 /* Frames07.swift */ = {isa = PBXFileReference; lastKnownFileType = sourcecode.swift; path = Frames07.swift; sourceTree = "<group>"; };
		01E71EF32A86DB14009F46B4 /* Backgrounds08.swift */ = {isa = PBXFileReference; lastKnownFileType = sourcecode.swift; path = Backgrounds08.swift; sourceTree = "<group>"; };
		01E71EF52A86E6BF009F46B4 /* Stacks09.swift */ = {isa = PBXFileReference; lastKnownFileType = sourcecode.swift; path = Stacks09.swift; sourceTree = "<group>"; };
		01E71EF72A87E36F009F46B4 /* Padding11.swift */ = {isa = PBXFileReference; lastKnownFileType = sourcecode.swift; path = Padding11.swift; sourceTree = "<group>"; };
		01E71EF92A87E382009F46B4 /* Spacer12.swift */ = {isa = PBXFileReference; lastKnownFileType = sourcecode.swift; path = Spacer12.swift; sourceTree = "<group>"; };
		01E71EFB2A87E39C009F46B4 /* Constructor13.swift */ = {isa = PBXFileReference; lastKnownFileType = sourcecode.swift; path = Constructor13.swift; sourceTree = "<group>"; };
		01E71EFD2A87E3AD009F46B4 /* Loops14.swift */ = {isa = PBXFileReference; lastKnownFileType = sourcecode.swift; path = Loops14.swift; sourceTree = "<group>"; };
		01E71EFF2A87E3BF009F46B4 /* ScrollView15.swift */ = {isa = PBXFileReference; lastKnownFileType = sourcecode.swift; path = ScrollView15.swift; sourceTree = "<group>"; };
		01E71F012A890107009F46B4 /* Grid16.swift */ = {isa = PBXFileReference; lastKnownFileType = sourcecode.swift; path = Grid16.swift; sourceTree = "<group>"; };
		01E71F032A89011E009F46B4 /* SafeArea17.swift */ = {isa = PBXFileReference; lastKnownFileType = sourcecode.swift; path = SafeArea17.swift; sourceTree = "<group>"; };
		01E71F052A890147009F46B4 /* Buttons18.swift */ = {isa = PBXFileReference; lastKnownFileType = sourcecode.swift; path = Buttons18.swift; sourceTree = "<group>"; };
		01E71F072A89015A009F46B4 /* FunctionsSubviews19.swift */ = {isa = PBXFileReference; lastKnownFileType = sourcecode.swift; path = FunctionsSubviews19.swift; sourceTree = "<group>"; };
		01E71F0B2A8922AE009F46B4 /* AppWeather001.swift */ = {isa = PBXFileReference; lastKnownFileType = sourcecode.swift; path = AppWeather001.swift; sourceTree = "<group>"; };
		01F0F1682AB2D64B00485A68 /* ActionSheet30.swift */ = {isa = PBXFileReference; lastKnownFileType = sourcecode.swift; path = ActionSheet30.swift; sourceTree = "<group>"; };
		01F0F16A2AB2DF7000485A68 /* ContextMenu31.swift */ = {isa = PBXFileReference; lastKnownFileType = sourcecode.swift; path = ContextMenu31.swift; sourceTree = "<group>"; };
		01F0F16C2AB2FAFB00485A68 /* TextField32.swift */ = {isa = PBXFileReference; lastKnownFileType = sourcecode.swift; path = TextField32.swift; sourceTree = "<group>"; };
/* End PBXFileReference section */

/* Begin PBXFrameworksBuildPhase section */
		0177563B2A8559020020020E /* Frameworks */ = {
			isa = PBXFrameworksBuildPhase;
			buildActionMask = 2147483647;
			files = (
			);
			runOnlyForDeploymentPostprocessing = 0;
		};
		0177564C2A8559030020020E /* Frameworks */ = {
			isa = PBXFrameworksBuildPhase;
			buildActionMask = 2147483647;
			files = (
			);
			runOnlyForDeploymentPostprocessing = 0;
		};
		017756562A8559030020020E /* Frameworks */ = {
			isa = PBXFrameworksBuildPhase;
			buildActionMask = 2147483647;
			files = (
			);
			runOnlyForDeploymentPostprocessing = 0;
		};
/* End PBXFrameworksBuildPhase section */

/* Begin PBXGroup section */
		017756352A8559020020020E = {
			isa = PBXGroup;
			children = (
				017756402A8559020020020E /* LearningSwiftApp */,
				017756522A8559030020020E /* LearningSwiftAppTests */,
				0177565C2A8559030020020E /* LearningSwiftAppUITests */,
				0177563F2A8559020020020E /* Products */,
			);
			sourceTree = "<group>";
		};
		0177563F2A8559020020020E /* Products */ = {
			isa = PBXGroup;
			children = (
				0177563E2A8559020020020E /* LearningSwiftApp.app */,
				0177564F2A8559030020020E /* LearningSwiftAppTests.xctest */,
				017756592A8559030020020E /* LearningSwiftAppUITests.xctest */,
			);
			name = Products;
			sourceTree = "<group>";
		};
		017756402A8559020020020E /* LearningSwiftApp */ = {
			isa = PBXGroup;
			children = (
				017756412A8559020020020E /* LearningSwiftAppApp.swift */,
				017756432A8559020020020E /* ContentView.swift */,
				017756452A8559030020020E /* Assets.xcassets */,
				017756472A8559030020020E /* LearningSwiftApp.entitlements */,
				017756482A8559030020020E /* Preview Content */,
			);
			path = LearningSwiftApp;
			sourceTree = "<group>";
		};
		017756482A8559030020020E /* Preview Content */ = {
			isa = PBXGroup;
			children = (
				017756722A855E540020020E /* Text01.swift */,
				017756742A86634F0020020E /* Shapes02.swift */,
				017756762A86687E0020020E /* Color03.swift */,
				017756782A8682180020020E /* Gradient04.swift */,
				01E71EED2A868A47009F46B4 /* Icons05.swift */,
				01E71EEF2A86B5FC009F46B4 /* Image06.swift */,
				01E71EF12A86D61F009F46B4 /* Frames07.swift */,
				01E71EF32A86DB14009F46B4 /* Backgrounds08.swift */,
				01E71EF52A86E6BF009F46B4 /* Stacks09.swift */,
				01E71EF72A87E36F009F46B4 /* Padding11.swift */,
				01E71EF92A87E382009F46B4 /* Spacer12.swift */,
				01E71EFB2A87E39C009F46B4 /* Constructor13.swift */,
				01E71EFD2A87E3AD009F46B4 /* Loops14.swift */,
				01E71EFF2A87E3BF009F46B4 /* ScrollView15.swift */,
				01E71F012A890107009F46B4 /* Grid16.swift */,
				01E71F032A89011E009F46B4 /* SafeArea17.swift */,
				01E71F052A890147009F46B4 /* Buttons18.swift */,
				01E71F072A89015A009F46B4 /* FunctionsSubviews19.swift */,
				01E71F0B2A8922AE009F46B4 /* AppWeather001.swift */,
				01B858D22AAF427D00DE93E1 /* Animations20.swift */,
				01B858D42AB04A1900DE93E1 /* AnimationCurves21.swift */,
				01B858D62AB04A2D00DE93E1 /* Transitions22.swift */,
				01B858DA2AB06E0400DE93E1 /* Sheets23.swift */,
				01B858DE2AB08D0400DE93E1 /* Popover24.swift */,
				01B858E02AB0A09E00DE93E1 /* NavigationView25.swift */,
				01B858E22AB1855000DE93E1 /* NavigationStack26.swift */,
				017552242AB58F40002FAD6A /* Toolbar27.swift */,
				01B858E42AB1AAE000DE93E1 /* Lists28.swift */,
				01B858E62AB1D3CA00DE93E1 /* Alerts29.swift */,
				01F0F1682AB2D64B00485A68 /* ActionSheet30.swift */,
				01F0F16A2AB2DF7000485A68 /* ContextMenu31.swift */,
				01F0F16C2AB2FAFB00485A68 /* TextField32.swift */,
				01E464422AB30C6F00D3C0D3 /* TextEditor33.swift */,
				01A6738D2AB31C1100829E6B /* Toggle34.swift */,
				01A6738F2AB32A2A00829E6B /* Picker35.swift */,
			);
			name = "Preview Content";
			path = "LearningSwiftApp/Preview Content";
			sourceTree = SOURCE_ROOT;
		};
		017756522A8559030020020E /* LearningSwiftAppTests */ = {
			isa = PBXGroup;
			children = (
				017756532A8559030020020E /* LearningSwiftAppTests.swift */,
			);
			path = LearningSwiftAppTests;
			sourceTree = "<group>";
		};
		0177565C2A8559030020020E /* LearningSwiftAppUITests */ = {
			isa = PBXGroup;
			children = (
				0177565D2A8559030020020E /* LearningSwiftAppUITests.swift */,
				0177565F2A8559030020020E /* LearningSwiftAppUITestsLaunchTests.swift */,
			);
			path = LearningSwiftAppUITests;
			sourceTree = "<group>";
		};
/* End PBXGroup section */

/* Begin PBXNativeTarget section */
		0177563D2A8559020020020E /* LearningSwiftApp */ = {
			isa = PBXNativeTarget;
			buildConfigurationList = 017756632A8559030020020E /* Build configuration list for PBXNativeTarget "LearningSwiftApp" */;
			buildPhases = (
				0177563A2A8559020020020E /* Sources */,
				0177563B2A8559020020020E /* Frameworks */,
				0177563C2A8559020020020E /* Resources */,
			);
			buildRules = (
			);
			dependencies = (
			);
			name = LearningSwiftApp;
			productName = LearningSwiftApp;
			productReference = 0177563E2A8559020020020E /* LearningSwiftApp.app */;
			productType = "com.apple.product-type.application";
		};
		0177564E2A8559030020020E /* LearningSwiftAppTests */ = {
			isa = PBXNativeTarget;
			buildConfigurationList = 017756662A8559030020020E /* Build configuration list for PBXNativeTarget "LearningSwiftAppTests" */;
			buildPhases = (
				0177564B2A8559030020020E /* Sources */,
				0177564C2A8559030020020E /* Frameworks */,
				0177564D2A8559030020020E /* Resources */,
			);
			buildRules = (
			);
			dependencies = (
				017756512A8559030020020E /* PBXTargetDependency */,
			);
			name = LearningSwiftAppTests;
			productName = LearningSwiftAppTests;
			productReference = 0177564F2A8559030020020E /* LearningSwiftAppTests.xctest */;
			productType = "com.apple.product-type.bundle.unit-test";
		};
		017756582A8559030020020E /* LearningSwiftAppUITests */ = {
			isa = PBXNativeTarget;
			buildConfigurationList = 017756692A8559030020020E /* Build configuration list for PBXNativeTarget "LearningSwiftAppUITests" */;
			buildPhases = (
				017756552A8559030020020E /* Sources */,
				017756562A8559030020020E /* Frameworks */,
				017756572A8559030020020E /* Resources */,
			);
			buildRules = (
			);
			dependencies = (
				0177565B2A8559030020020E /* PBXTargetDependency */,
			);
			name = LearningSwiftAppUITests;
			productName = LearningSwiftAppUITests;
			productReference = 017756592A8559030020020E /* LearningSwiftAppUITests.xctest */;
			productType = "com.apple.product-type.bundle.ui-testing";
		};
/* End PBXNativeTarget section */

/* Begin PBXProject section */
		017756362A8559020020020E /* Project object */ = {
			isa = PBXProject;
			attributes = {
				BuildIndependentTargetsInParallel = 1;
				LastSwiftUpdateCheck = 1430;
				LastUpgradeCheck = 1430;
				TargetAttributes = {
					0177563D2A8559020020020E = {
						CreatedOnToolsVersion = 14.3.1;
					};
					0177564E2A8559030020020E = {
						CreatedOnToolsVersion = 14.3.1;
						TestTargetID = 0177563D2A8559020020020E;
					};
					017756582A8559030020020E = {
						CreatedOnToolsVersion = 14.3.1;
						TestTargetID = 0177563D2A8559020020020E;
					};
				};
			};
			buildConfigurationList = 017756392A8559020020020E /* Build configuration list for PBXProject "LearningSwiftApp" */;
			compatibilityVersion = "Xcode 14.0";
			developmentRegion = en;
			hasScannedForEncodings = 0;
			knownRegions = (
				en,
				Base,
			);
			mainGroup = 017756352A8559020020020E;
			productRefGroup = 0177563F2A8559020020020E /* Products */;
			projectDirPath = "";
			projectRoot = "";
			targets = (
				0177563D2A8559020020020E /* LearningSwiftApp */,
				0177564E2A8559030020020E /* LearningSwiftAppTests */,
				017756582A8559030020020E /* LearningSwiftAppUITests */,
			);
		};
/* End PBXProject section */

/* Begin PBXResourcesBuildPhase section */
		0177563C2A8559020020020E /* Resources */ = {
			isa = PBXResourcesBuildPhase;
			buildActionMask = 2147483647;
			files = (
				017756462A8559030020020E /* Assets.xcassets in Resources */,
			);
			runOnlyForDeploymentPostprocessing = 0;
		};
		0177564D2A8559030020020E /* Resources */ = {
			isa = PBXResourcesBuildPhase;
			buildActionMask = 2147483647;
			files = (
			);
			runOnlyForDeploymentPostprocessing = 0;
		};
		017756572A8559030020020E /* Resources */ = {
			isa = PBXResourcesBuildPhase;
			buildActionMask = 2147483647;
			files = (
			);
			runOnlyForDeploymentPostprocessing = 0;
		};
/* End PBXResourcesBuildPhase section */

/* Begin PBXSourcesBuildPhase section */
		0177563A2A8559020020020E /* Sources */ = {
			isa = PBXSourcesBuildPhase;
			buildActionMask = 2147483647;
			files = (
				017756732A855E540020020E /* Text01.swift in Sources */,
				01B858E72AB1D3CA00DE93E1 /* Alerts29.swift in Sources */,
				01E71EF02A86B5FC009F46B4 /* Image06.swift in Sources */,
				01A673902AB32A2A00829E6B /* Picker35.swift in Sources */,
				017756442A8559020020020E /* ContentView.swift in Sources */,
				01F0F1692AB2D64B00485A68 /* ActionSheet30.swift in Sources */,
				01E71F082A89015A009F46B4 /* FunctionsSubviews19.swift in Sources */,
				01E71EF42A86DB14009F46B4 /* Backgrounds08.swift in Sources */,
				01E464432AB30C6F00D3C0D3 /* TextEditor33.swift in Sources */,
				01F0F16D2AB2FAFB00485A68 /* TextField32.swift in Sources */,
				017756772A86687E0020020E /* Color03.swift in Sources */,
				01E71EFA2A87E382009F46B4 /* Spacer12.swift in Sources */,
				01E71EF62A86E6BF009F46B4 /* Stacks09.swift in Sources */,
				01E71EFC2A87E39C009F46B4 /* Constructor13.swift in Sources */,
				01E71F022A890107009F46B4 /* Grid16.swift in Sources */,
				01F0F16B2AB2DF7100485A68 /* ContextMenu31.swift in Sources */,
				01B858E12AB0A09E00DE93E1 /* NavigationView25.swift in Sources */,
				01E71F0C2A8922AE009F46B4 /* AppWeather001.swift in Sources */,
				017756422A8559020020020E /* LearningSwiftAppApp.swift in Sources */,
				017756752A86634F0020020E /* Shapes02.swift in Sources */,
				01E71EF22A86D61F009F46B4 /* Frames07.swift in Sources */,
				01B858E52AB1AAE000DE93E1 /* Lists28.swift in Sources */,
				01E71EFE2A87E3AD009F46B4 /* Loops14.swift in Sources */,
				01E71EEE2A868A47009F46B4 /* Icons05.swift in Sources */,
				01B858D72AB04A2D00DE93E1 /* Transitions22.swift in Sources */,
				017552252AB58F40002FAD6A /* Toolbar27.swift in Sources */,
				01A6738E2AB31C1100829E6B /* Toggle34.swift in Sources */,
				01E71F002A87E3BF009F46B4 /* ScrollView15.swift in Sources */,
				01B858D52AB04A1900DE93E1 /* AnimationCurves21.swift in Sources */,
				01B858DB2AB06E0400DE93E1 /* Sheets23.swift in Sources */,
				01B858DF2AB08D0400DE93E1 /* Popover24.swift in Sources */,
				01E71F042A89011E009F46B4 /* SafeArea17.swift in Sources */,
				01B858D32AAF427D00DE93E1 /* Animations20.swift in Sources */,
				01B858E32AB1855000DE93E1 /* NavigationStack26.swift in Sources */,
				017756792A8682180020020E /* Gradient04.swift in Sources */,
				01E71F062A890147009F46B4 /* Buttons18.swift in Sources */,
				01E71EF82A87E36F009F46B4 /* Padding11.swift in Sources */,
			);
			runOnlyForDeploymentPostprocessing = 0;
		};
		0177564B2A8559030020020E /* Sources */ = {
			isa = PBXSourcesBuildPhase;
			buildActionMask = 2147483647;
			files = (
				017756542A8559030020020E /* LearningSwiftAppTests.swift in Sources */,
			);
			runOnlyForDeploymentPostprocessing = 0;
		};
		017756552A8559030020020E /* Sources */ = {
			isa = PBXSourcesBuildPhase;
			buildActionMask = 2147483647;
			files = (
				017756602A8559030020020E /* LearningSwiftAppUITestsLaunchTests.swift in Sources */,
				0177565E2A8559030020020E /* LearningSwiftAppUITests.swift in Sources */,
			);
			runOnlyForDeploymentPostprocessing = 0;
		};
/* End PBXSourcesBuildPhase section */

/* Begin PBXTargetDependency section */
		017756512A8559030020020E /* PBXTargetDependency */ = {
			isa = PBXTargetDependency;
			target = 0177563D2A8559020020020E /* LearningSwiftApp */;
			targetProxy = 017756502A8559030020020E /* PBXContainerItemProxy */;
		};
		0177565B2A8559030020020E /* PBXTargetDependency */ = {
			isa = PBXTargetDependency;
			target = 0177563D2A8559020020020E /* LearningSwiftApp */;
			targetProxy = 0177565A2A8559030020020E /* PBXContainerItemProxy */;
		};
/* End PBXTargetDependency section */

/* Begin XCBuildConfiguration section */
		017756612A8559030020020E /* Debug */ = {
			isa = XCBuildConfiguration;
			buildSettings = {
				ALWAYS_SEARCH_USER_PATHS = NO;
				CLANG_ANALYZER_NONNULL = YES;
				CLANG_ANALYZER_NUMBER_OBJECT_CONVERSION = YES_AGGRESSIVE;
				CLANG_CXX_LANGUAGE_STANDARD = "gnu++20";
				CLANG_ENABLE_MODULES = YES;
				CLANG_ENABLE_OBJC_ARC = YES;
				CLANG_ENABLE_OBJC_WEAK = YES;
				CLANG_WARN_BLOCK_CAPTURE_AUTORELEASING = YES;
				CLANG_WARN_BOOL_CONVERSION = YES;
				CLANG_WARN_COMMA = YES;
				CLANG_WARN_CONSTANT_CONVERSION = YES;
				CLANG_WARN_DEPRECATED_OBJC_IMPLEMENTATIONS = YES;
				CLANG_WARN_DIRECT_OBJC_ISA_USAGE = YES_ERROR;
				CLANG_WARN_DOCUMENTATION_COMMENTS = YES;
				CLANG_WARN_EMPTY_BODY = YES;
				CLANG_WARN_ENUM_CONVERSION = YES;
				CLANG_WARN_INFINITE_RECURSION = YES;
				CLANG_WARN_INT_CONVERSION = YES;
				CLANG_WARN_NON_LITERAL_NULL_CONVERSION = YES;
				CLANG_WARN_OBJC_IMPLICIT_RETAIN_SELF = YES;
				CLANG_WARN_OBJC_LITERAL_CONVERSION = YES;
				CLANG_WARN_OBJC_ROOT_CLASS = YES_ERROR;
				CLANG_WARN_QUOTED_INCLUDE_IN_FRAMEWORK_HEADER = YES;
				CLANG_WARN_RANGE_LOOP_ANALYSIS = YES;
				CLANG_WARN_STRICT_PROTOTYPES = YES;
				CLANG_WARN_SUSPICIOUS_MOVE = YES;
				CLANG_WARN_UNGUARDED_AVAILABILITY = YES_AGGRESSIVE;
				CLANG_WARN_UNREACHABLE_CODE = YES;
				CLANG_WARN__DUPLICATE_METHOD_MATCH = YES;
				COPY_PHASE_STRIP = NO;
				DEBUG_INFORMATION_FORMAT = dwarf;
				ENABLE_STRICT_OBJC_MSGSEND = YES;
				ENABLE_TESTABILITY = YES;
				GCC_C_LANGUAGE_STANDARD = gnu11;
				GCC_DYNAMIC_NO_PIC = NO;
				GCC_NO_COMMON_BLOCKS = YES;
				GCC_OPTIMIZATION_LEVEL = 0;
				GCC_PREPROCESSOR_DEFINITIONS = (
					"DEBUG=1",
					"$(inherited)",
				);
				GCC_WARN_64_TO_32_BIT_CONVERSION = YES;
				GCC_WARN_ABOUT_RETURN_TYPE = YES_ERROR;
				GCC_WARN_UNDECLARED_SELECTOR = YES;
				GCC_WARN_UNINITIALIZED_AUTOS = YES_AGGRESSIVE;
				GCC_WARN_UNUSED_FUNCTION = YES;
				GCC_WARN_UNUSED_VARIABLE = YES;
				MTL_ENABLE_DEBUG_INFO = INCLUDE_SOURCE;
				MTL_FAST_MATH = YES;
				ONLY_ACTIVE_ARCH = YES;
				SWIFT_ACTIVE_COMPILATION_CONDITIONS = DEBUG;
				SWIFT_OPTIMIZATION_LEVEL = "-Onone";
			};
			name = Debug;
		};
		017756622A8559030020020E /* Release */ = {
			isa = XCBuildConfiguration;
			buildSettings = {
				ALWAYS_SEARCH_USER_PATHS = NO;
				CLANG_ANALYZER_NONNULL = YES;
				CLANG_ANALYZER_NUMBER_OBJECT_CONVERSION = YES_AGGRESSIVE;
				CLANG_CXX_LANGUAGE_STANDARD = "gnu++20";
				CLANG_ENABLE_MODULES = YES;
				CLANG_ENABLE_OBJC_ARC = YES;
				CLANG_ENABLE_OBJC_WEAK = YES;
				CLANG_WARN_BLOCK_CAPTURE_AUTORELEASING = YES;
				CLANG_WARN_BOOL_CONVERSION = YES;
				CLANG_WARN_COMMA = YES;
				CLANG_WARN_CONSTANT_CONVERSION = YES;
				CLANG_WARN_DEPRECATED_OBJC_IMPLEMENTATIONS = YES;
				CLANG_WARN_DIRECT_OBJC_ISA_USAGE = YES_ERROR;
				CLANG_WARN_DOCUMENTATION_COMMENTS = YES;
				CLANG_WARN_EMPTY_BODY = YES;
				CLANG_WARN_ENUM_CONVERSION = YES;
				CLANG_WARN_INFINITE_RECURSION = YES;
				CLANG_WARN_INT_CONVERSION = YES;
				CLANG_WARN_NON_LITERAL_NULL_CONVERSION = YES;
				CLANG_WARN_OBJC_IMPLICIT_RETAIN_SELF = YES;
				CLANG_WARN_OBJC_LITERAL_CONVERSION = YES;
				CLANG_WARN_OBJC_ROOT_CLASS = YES_ERROR;
				CLANG_WARN_QUOTED_INCLUDE_IN_FRAMEWORK_HEADER = YES;
				CLANG_WARN_RANGE_LOOP_ANALYSIS = YES;
				CLANG_WARN_STRICT_PROTOTYPES = YES;
				CLANG_WARN_SUSPICIOUS_MOVE = YES;
				CLANG_WARN_UNGUARDED_AVAILABILITY = YES_AGGRESSIVE;
				CLANG_WARN_UNREACHABLE_CODE = YES;
				CLANG_WARN__DUPLICATE_METHOD_MATCH = YES;
				COPY_PHASE_STRIP = NO;
				DEBUG_INFORMATION_FORMAT = "dwarf-with-dsym";
				ENABLE_NS_ASSERTIONS = NO;
				ENABLE_STRICT_OBJC_MSGSEND = YES;
				GCC_C_LANGUAGE_STANDARD = gnu11;
				GCC_NO_COMMON_BLOCKS = YES;
				GCC_WARN_64_TO_32_BIT_CONVERSION = YES;
				GCC_WARN_ABOUT_RETURN_TYPE = YES_ERROR;
				GCC_WARN_UNDECLARED_SELECTOR = YES;
				GCC_WARN_UNINITIALIZED_AUTOS = YES_AGGRESSIVE;
				GCC_WARN_UNUSED_FUNCTION = YES;
				GCC_WARN_UNUSED_VARIABLE = YES;
				MTL_ENABLE_DEBUG_INFO = NO;
				MTL_FAST_MATH = YES;
				SWIFT_COMPILATION_MODE = wholemodule;
				SWIFT_OPTIMIZATION_LEVEL = "-O";
			};
			name = Release;
		};
		017756642A8559030020020E /* Debug */ = {
			isa = XCBuildConfiguration;
			buildSettings = {
				ASSETCATALOG_COMPILER_APPICON_NAME = AppIcon;
				ASSETCATALOG_COMPILER_GLOBAL_ACCENT_COLOR_NAME = AccentColor;
				CODE_SIGN_ENTITLEMENTS = LearningSwiftApp/LearningSwiftApp.entitlements;
				CODE_SIGN_STYLE = Automatic;
				CURRENT_PROJECT_VERSION = 1;
				DEVELOPMENT_ASSET_PATHS = "\"LearningSwiftApp/Preview Content\"";
				ENABLE_PREVIEWS = YES;
				GENERATE_INFOPLIST_FILE = YES;
				"INFOPLIST_KEY_UIApplicationSceneManifest_Generation[sdk=iphoneos*]" = YES;
				"INFOPLIST_KEY_UIApplicationSceneManifest_Generation[sdk=iphonesimulator*]" = YES;
				"INFOPLIST_KEY_UIApplicationSupportsIndirectInputEvents[sdk=iphoneos*]" = YES;
				"INFOPLIST_KEY_UIApplicationSupportsIndirectInputEvents[sdk=iphonesimulator*]" = YES;
				"INFOPLIST_KEY_UILaunchScreen_Generation[sdk=iphoneos*]" = YES;
				"INFOPLIST_KEY_UILaunchScreen_Generation[sdk=iphonesimulator*]" = YES;
				"INFOPLIST_KEY_UIStatusBarStyle[sdk=iphoneos*]" = UIStatusBarStyleDefault;
				"INFOPLIST_KEY_UIStatusBarStyle[sdk=iphonesimulator*]" = UIStatusBarStyleDefault;
				INFOPLIST_KEY_UISupportedInterfaceOrientations_iPad = "UIInterfaceOrientationPortrait UIInterfaceOrientationPortraitUpsideDown UIInterfaceOrientationLandscapeLeft UIInterfaceOrientationLandscapeRight";
				INFOPLIST_KEY_UISupportedInterfaceOrientations_iPhone = "UIInterfaceOrientationPortrait UIInterfaceOrientationLandscapeLeft UIInterfaceOrientationLandscapeRight";
				IPHONEOS_DEPLOYMENT_TARGET = 16.0;
				LD_RUNPATH_SEARCH_PATHS = "@executable_path/Frameworks";
				"LD_RUNPATH_SEARCH_PATHS[sdk=macosx*]" = "@executable_path/../Frameworks";
				MACOSX_DEPLOYMENT_TARGET = 13.2;
				MARKETING_VERSION = 1.0;
				PRODUCT_BUNDLE_IDENTIFIER = AppstoreIdentifier.LearningSwiftApp;
				PRODUCT_NAME = "$(TARGET_NAME)";
				SDKROOT = auto;
				SUPPORTED_PLATFORMS = "iphoneos iphonesimulator macosx";
				SWIFT_EMIT_LOC_STRINGS = YES;
				SWIFT_VERSION = 5.0;
				TARGETED_DEVICE_FAMILY = "1,2";
			};
			name = Debug;
		};
		017756652A8559030020020E /* Release */ = {
			isa = XCBuildConfiguration;
			buildSettings = {
				ASSETCATALOG_COMPILER_APPICON_NAME = AppIcon;
				ASSETCATALOG_COMPILER_GLOBAL_ACCENT_COLOR_NAME = AccentColor;
				CODE_SIGN_ENTITLEMENTS = LearningSwiftApp/LearningSwiftApp.entitlements;
				CODE_SIGN_STYLE = Automatic;
				CURRENT_PROJECT_VERSION = 1;
				DEVELOPMENT_ASSET_PATHS = "\"LearningSwiftApp/Preview Content\"";
				ENABLE_PREVIEWS = YES;
				GENERATE_INFOPLIST_FILE = YES;
				"INFOPLIST_KEY_UIApplicationSceneManifest_Generation[sdk=iphoneos*]" = YES;
				"INFOPLIST_KEY_UIApplicationSceneManifest_Generation[sdk=iphonesimulator*]" = YES;
				"INFOPLIST_KEY_UIApplicationSupportsIndirectInputEvents[sdk=iphoneos*]" = YES;
				"INFOPLIST_KEY_UIApplicationSupportsIndirectInputEvents[sdk=iphonesimulator*]" = YES;
				"INFOPLIST_KEY_UILaunchScreen_Generation[sdk=iphoneos*]" = YES;
				"INFOPLIST_KEY_UILaunchScreen_Generation[sdk=iphonesimulator*]" = YES;
				"INFOPLIST_KEY_UIStatusBarStyle[sdk=iphoneos*]" = UIStatusBarStyleDefault;
				"INFOPLIST_KEY_UIStatusBarStyle[sdk=iphonesimulator*]" = UIStatusBarStyleDefault;
				INFOPLIST_KEY_UISupportedInterfaceOrientations_iPad = "UIInterfaceOrientationPortrait UIInterfaceOrientationPortraitUpsideDown UIInterfaceOrientationLandscapeLeft UIInterfaceOrientationLandscapeRight";
				INFOPLIST_KEY_UISupportedInterfaceOrientations_iPhone = "UIInterfaceOrientationPortrait UIInterfaceOrientationLandscapeLeft UIInterfaceOrientationLandscapeRight";
				IPHONEOS_DEPLOYMENT_TARGET = 16.0;
				LD_RUNPATH_SEARCH_PATHS = "@executable_path/Frameworks";
				"LD_RUNPATH_SEARCH_PATHS[sdk=macosx*]" = "@executable_path/../Frameworks";
				MACOSX_DEPLOYMENT_TARGET = 13.2;
				MARKETING_VERSION = 1.0;
				PRODUCT_BUNDLE_IDENTIFIER = AppstoreIdentifier.LearningSwiftApp;
				PRODUCT_NAME = "$(TARGET_NAME)";
				SDKROOT = auto;
				SUPPORTED_PLATFORMS = "iphoneos iphonesimulator macosx";
				SWIFT_EMIT_LOC_STRINGS = YES;
				SWIFT_VERSION = 5.0;
				TARGETED_DEVICE_FAMILY = "1,2";
			};
			name = Release;
		};
		017756672A8559030020020E /* Debug */ = {
			isa = XCBuildConfiguration;
			buildSettings = {
				ALWAYS_EMBED_SWIFT_STANDARD_LIBRARIES = YES;
				BUNDLE_LOADER = "$(TEST_HOST)";
				CODE_SIGN_STYLE = Automatic;
				CURRENT_PROJECT_VERSION = 1;
				GENERATE_INFOPLIST_FILE = YES;
				IPHONEOS_DEPLOYMENT_TARGET = 16.4;
				MACOSX_DEPLOYMENT_TARGET = 13.2;
				MARKETING_VERSION = 1.0;
				PRODUCT_BUNDLE_IDENTIFIER = AppstoreIdentifier.LearningSwiftAppTests;
				PRODUCT_NAME = "$(TARGET_NAME)";
				SDKROOT = auto;
				SUPPORTED_PLATFORMS = "iphoneos iphonesimulator macosx";
				SWIFT_EMIT_LOC_STRINGS = NO;
				SWIFT_VERSION = 5.0;
				TARGETED_DEVICE_FAMILY = "1,2";
				TEST_HOST = "$(BUILT_PRODUCTS_DIR)/LearningSwiftApp.app/$(BUNDLE_EXECUTABLE_FOLDER_PATH)/LearningSwiftApp";
			};
			name = Debug;
		};
		017756682A8559030020020E /* Release */ = {
			isa = XCBuildConfiguration;
			buildSettings = {
				ALWAYS_EMBED_SWIFT_STANDARD_LIBRARIES = YES;
				BUNDLE_LOADER = "$(TEST_HOST)";
				CODE_SIGN_STYLE = Automatic;
				CURRENT_PROJECT_VERSION = 1;
				GENERATE_INFOPLIST_FILE = YES;
				IPHONEOS_DEPLOYMENT_TARGET = 16.4;
				MACOSX_DEPLOYMENT_TARGET = 13.2;
				MARKETING_VERSION = 1.0;
				PRODUCT_BUNDLE_IDENTIFIER = AppstoreIdentifier.LearningSwiftAppTests;
				PRODUCT_NAME = "$(TARGET_NAME)";
				SDKROOT = auto;
				SUPPORTED_PLATFORMS = "iphoneos iphonesimulator macosx";
				SWIFT_EMIT_LOC_STRINGS = NO;
				SWIFT_VERSION = 5.0;
				TARGETED_DEVICE_FAMILY = "1,2";
				TEST_HOST = "$(BUILT_PRODUCTS_DIR)/LearningSwiftApp.app/$(BUNDLE_EXECUTABLE_FOLDER_PATH)/LearningSwiftApp";
			};
			name = Release;
		};
		0177566A2A8559030020020E /* Debug */ = {
			isa = XCBuildConfiguration;
			buildSettings = {
				ALWAYS_EMBED_SWIFT_STANDARD_LIBRARIES = YES;
				CODE_SIGN_STYLE = Automatic;
				CURRENT_PROJECT_VERSION = 1;
				GENERATE_INFOPLIST_FILE = YES;
				IPHONEOS_DEPLOYMENT_TARGET = 16.4;
				MACOSX_DEPLOYMENT_TARGET = 13.2;
				MARKETING_VERSION = 1.0;
				PRODUCT_BUNDLE_IDENTIFIER = AppstoreIdentifier.LearningSwiftAppUITests;
				PRODUCT_NAME = "$(TARGET_NAME)";
				SDKROOT = auto;
				SUPPORTED_PLATFORMS = "iphoneos iphonesimulator macosx";
				SWIFT_EMIT_LOC_STRINGS = NO;
				SWIFT_VERSION = 5.0;
				TARGETED_DEVICE_FAMILY = "1,2";
				TEST_TARGET_NAME = LearningSwiftApp;
			};
			name = Debug;
		};
		0177566B2A8559030020020E /* Release */ = {
			isa = XCBuildConfiguration;
			buildSettings = {
				ALWAYS_EMBED_SWIFT_STANDARD_LIBRARIES = YES;
				CODE_SIGN_STYLE = Automatic;
				CURRENT_PROJECT_VERSION = 1;
				GENERATE_INFOPLIST_FILE = YES;
				IPHONEOS_DEPLOYMENT_TARGET = 16.4;
				MACOSX_DEPLOYMENT_TARGET = 13.2;
				MARKETING_VERSION = 1.0;
				PRODUCT_BUNDLE_IDENTIFIER = AppstoreIdentifier.LearningSwiftAppUITests;
				PRODUCT_NAME = "$(TARGET_NAME)";
				SDKROOT = auto;
				SUPPORTED_PLATFORMS = "iphoneos iphonesimulator macosx";
				SWIFT_EMIT_LOC_STRINGS = NO;
				SWIFT_VERSION = 5.0;
				TARGETED_DEVICE_FAMILY = "1,2";
				TEST_TARGET_NAME = LearningSwiftApp;
			};
			name = Release;
		};
/* End XCBuildConfiguration section */

/* Begin XCConfigurationList section */
		017756392A8559020020020E /* Build configuration list for PBXProject "LearningSwiftApp" */ = {
			isa = XCConfigurationList;
			buildConfigurations = (
				017756612A8559030020020E /* Debug */,
				017756622A8559030020020E /* Release */,
			);
			defaultConfigurationIsVisible = 0;
			defaultConfigurationName = Release;
		};
		017756632A8559030020020E /* Build configuration list for PBXNativeTarget "LearningSwiftApp" */ = {
			isa = XCConfigurationList;
			buildConfigurations = (
				017756642A8559030020020E /* Debug */,
				017756652A8559030020020E /* Release */,
			);
			defaultConfigurationIsVisible = 0;
			defaultConfigurationName = Release;
		};
		017756662A8559030020020E /* Build configuration list for PBXNativeTarget "LearningSwiftAppTests" */ = {
			isa = XCConfigurationList;
			buildConfigurations = (
				017756672A8559030020020E /* Debug */,
				017756682A8559030020020E /* Release */,
			);
			defaultConfigurationIsVisible = 0;
			defaultConfigurationName = Release;
		};
		017756692A8559030020020E /* Build configuration list for PBXNativeTarget "LearningSwiftAppUITests" */ = {
			isa = XCConfigurationList;
			buildConfigurations = (
				0177566A2A8559030020020E /* Debug */,
				0177566B2A8559030020020E /* Release */,
			);
			defaultConfigurationIsVisible = 0;
			defaultConfigurationName = Release;
		};
/* End XCConfigurationList section */
	};
	rootObject = 017756362A8559020020020E /* Project object */;
}
